lockfileVersion: '9.0'

settings:
  autoInstallPeers: true
  excludeLinksFromLockfile: false

importers:

  .:
    dependencies:
      inversify:
        specifier: ^7.6.1
        version: 7.6.1(reflect-metadata@0.2.2)
      reflect-metadata:
        specifier: ^0.2.2
        version: 0.2.2
    devDependencies:
      typescript:
        specifier: ^5.8.3
        version: 5.8.3

packages:

  '@inversifyjs/common@1.5.2':
    resolution: {integrity: sha512-WlzR9xGadABS9gtgZQ+luoZ8V6qm4Ii6RQfcfC9Ho2SOlE6ZuemFo7PKJvKI0ikm8cmKbU8hw5UK6E4qovH21w==}

  '@inversifyjs/container@1.11.1':
    resolution: {integrity: sha512-MhgriyCm/lihOoo/ydGyBwZsKT6bUGAqQ+JM2i5JGgINLJx2g7Unt4bK+cFepHBh+um0M34VlRZFczmsHJhTSw==}
    peerDependencies:
      reflect-metadata: ~0.2.2

  '@inversifyjs/core@5.4.0':
    resolution: {integrity: sha512-ZQXfPvXmIlzWs/K8n8R5AFBHk55gV7xEjKtKv1dvS3K6f8wEVXeHij9Zh0tqp2pvEyiuxv0UHPBONpE84DuYcg==}

  '@inversifyjs/plugin@0.2.0':
    resolution: {integrity: sha512-R/JAdkTSD819pV1zi0HP54mWHyX+H2m8SxldXRgPQarS3ySV4KPyRdosWcfB8Se0JJZWZLHYiUNiS6JvMWSPjw==}

  '@inversifyjs/prototype-utils@0.1.2':
    resolution: {integrity: sha512-WZAEycwVd8zVCPCQ7GRzuQmjYF7X5zbjI9cGigDbBoTHJ8y5US9om00IAp0RYislO+fYkMzgcB2SnlIVIzyESA==}

  '@inversifyjs/reflect-metadata-utils@1.2.0':
    resolution: {integrity: sha512-EvXdBP+IjAZ3QKWFWGDzWLacyng9RMohtZ0c0EPUmvbaF4wgfwrE6n92ilt9aGwdbE5roGmDTmoRSmvavVOtIA==}
    peerDependencies:
      reflect-metadata: 0.2.2

  inversify@7.6.1:
    resolution: {integrity: sha512-a4bN7pjKP+h5ABNsf7vQNU0S5P/44RFqcUpFWXZLGEJuedF5ux3CvWGn2TfSbVbk3r7hNto6G3tR0j70nbFDKw==}
    peerDependencies:
      reflect-metadata: ~0.2.2

  reflect-metadata@0.2.2:
    resolution: {integrity: sha512-urBwgfrvVP/eAyXx4hluJivBKzuEbSQs9rKWCrCkbSxNv8mxPcUZKeuoF3Uy4mJl3Lwprp6yy5/39VWigZ4K6Q==}

  typescript@5.8.3:
    resolution: {integrity: sha512-p1diW6TqL9L07nNxvRMM7hMMw4c5XOo/1ibL4aAIGmSAt9slTE1Xgw5KWuof2uTOvCg9BY7ZRi+GaF+7sfgPeQ==}
    engines: {node: '>=14.17'}
    hasBin: true

snapshots:

  '@inversifyjs/common@1.5.2': {}

  '@inversifyjs/container@1.11.1(reflect-metadata@0.2.2)':
    dependencies:
      '@inversifyjs/common': 1.5.2
      '@inversifyjs/core': 5.4.0(reflect-metadata@0.2.2)
      '@inversifyjs/plugin': 0.2.0
      '@inversifyjs/reflect-metadata-utils': 1.2.0(reflect-metadata@0.2.2)
      reflect-metadata: 0.2.2

  '@inversifyjs/core@5.4.0(reflect-metadata@0.2.2)':
    dependencies:
      '@inversifyjs/common': 1.5.2
      '@inversifyjs/prototype-utils': 0.1.2
      '@inversifyjs/reflect-metadata-utils': 1.2.0(reflect-metadata@0.2.2)
    transitivePeerDependencies:
      - reflect-metadata

  '@inversifyjs/plugin@0.2.0': {}

  '@inversifyjs/prototype-utils@0.1.2':
    dependencies:
      '@inversifyjs/common': 1.5.2

  '@inversifyjs/reflect-metadata-utils@1.2.0(reflect-metadata@0.2.2)':
    dependencies:
      reflect-metadata: 0.2.2

  inversify@7.6.1(reflect-metadata@0.2.2):
    dependencies:
      '@inversifyjs/common': 1.5.2
      '@inversifyjs/container': 1.11.1(reflect-metadata@0.2.2)
      '@inversifyjs/core': 5.4.0(reflect-metadata@0.2.2)
      reflect-metadata: 0.2.2

  reflect-metadata@0.2.2: {}

  typescript@5.8.3: {}
